
Microsoft Visual Studio Solution File, Format Version 12.00
# Visual Studio Version 16
VisualStudioVersion = 16.0.30503.244
MinimumVisualStudioVersion = 10.0.40219.1
Project("{FAE04EC0-301F-11D3-BF4B-00C04F79EFBC}") = "FNLPRJ.VisualStudio.PodcastWebApp", "FNLPRJ.VisualStudio.PodcastWebApp\FNLPRJ.VisualStudio.PodcastWebApp.csproj", "{D83D27BB-74ED-4490-A889-6726E3F962B9}"
EndProject
Project("{FAE04EC0-301F-11D3-BF4B-00C04F79EFBC}") = "FNLPRJ.VisualStudio.PodcastWebApp.Domain", "FNLPRJ.VisualStudio.PodcastWebApp.Domain\FNLPRJ.VisualStudio.PodcastWebApp.Domain.csproj", "{7E2E1B03-FC2C-452E-B9DB-D798CB6C44C2}"
EndProject
Global
	GlobalSection(SolutionConfigurationPlatforms) = preSolution
		Debug|Any CPU = Debug|Any CPU
		Release|Any CPU = Release|Any CPU
	EndGlobalSection
	GlobalSection(ProjectConfigurationPlatforms) = postSolution
		{D83D27BB-74ED-4490-A889-6726E3F962B9}.Debug|Any CPU.ActiveCfg = Debug|Any CPU
		{D83D27BB-74ED-4490-A889-6726E3F962B9}.Debug|Any CPU.Build.0 = Debug|Any CPU
		{D83D27BB-74ED-4490-A889-6726E3F962B9}.Release|Any CPU.ActiveCfg = Release|Any CPU
		{D83D27BB-74ED-4490-A889-6726E3F962B9}.Release|Any CPU.Build.0 = Release|Any CPU
		{7E2E1B03-FC2C-452E-B9DB-D798CB6C44C2}.Debug|Any CPU.ActiveCfg = Debug|Any CPU
		{7E2E1B03-FC2C-452E-B9DB-D798CB6C44C2}.Debug|Any CPU.Build.0 = Debug|Any CPU
		{7E2E1B03-FC2C-452E-B9DB-D798CB6C44C2}.Release|Any CPU.ActiveCfg = Release|Any CPU
		{7E2E1B03-FC2C-452E-B9DB-D798CB6C44C2}.Release|Any CPU.Build.0 = Release|Any CPU
	EndGlobalSection
	GlobalSection(SolutionProperties) = preSolution
		HideSolutionNode = FALSE
	EndGlobalSection
	GlobalSection(ExtensibilityGlobals) = postSolution
		SolutionGuid = {4C854DCC-FC92-4CCA-ACF0-1D6AF3A6C31D}
	EndGlobalSection
EndGlobal
